# @generated - this file is auto-generated by `mise lock` https://mise.jdx.dev/dev-tools/mise-lock.html

lockfile_version = 1

[[tools."github:gastownhall/beads"]]
version = "1.3.1"
backend = "github:gastownhall/beads"
specifiers = [
    "1.3.1",
    "latest",
]

[tools."github:gastownhall/beads"."platforms.linux-arm64"]
checksum = "sha256:c3b32c71a6c0cd6358a12c28272b17e6818db991da192f87df52339c222e423a"
url = "https://github.com/gastownhall/beads/releases/download/v1.3.1/beads_1.3.1_linux_arm64.tar.gz"
url_api = "https://api.github.com/repos/gastownhall/beads/releases/assets/602014963"
provenance = "github-attestations"

[tools."github:gastownhall/beads"."platforms.linux-x64"]
checksum = "sha256:3219443a9734b89b93fb16ee8d65844759fa1b3cd3cf139c606b7353cfb0715c"
url = "https://github.com/gastownhall/beads/releases/download/v1.3.1/beads_1.3.1_linux_amd64.tar.gz"
url_api = "https://api.github.com/repos/gastownhall/beads/releases/assets/602014936"
provenance = "github-attestations"

[tools."github:gastownhall/beads"."platforms.macos-arm64"]
checksum = "sha256:508ba807996e2b9c992c538a6f405f2fc7d2e16cf8b4e5b0d1bf9fe860367007"
url = "https://github.com/gastownhall/beads/releases/download/v1.3.1/beads_1.3.1_darwin_arm64.tar.gz"
url_api = "https://api.github.com/repos/gastownhall/beads/releases/assets/602046065"
provenance = "github-attestations"

[[tools."github:mixelpixx/Konnect"]]
version = "0.13.0"
backend = "github:mixelpixx/Konnect"
specifiers = ["v0.13.0"]

[tools."github:mixelpixx/Konnect".options]
matching_regex = "^konnect-v"

[tools."github:mixelpixx/Konnect"."platforms.linux-x64"]
checksum = "sha256:9c9d28e7d905d8e8519339a78890193f252bc8134993349b40d80e3a67b93512"
url = "https://github.com/mixelpixx/Konnect/releases/download/v0.13.0/konnect-v0.13.0-x86_64-unknown-linux-gnu.tar.gz"
url_api = "https://api.github.com/repos/mixelpixx/Konnect/releases/assets/604941550"

[tools."github:mixelpixx/Konnect"."platforms.macos-arm64"]
checksum = "sha256:0052ab18add3c3014bcedd327131c2bff79dbac5a1d96e45ca9f6bc2822c93c9"
url = "https://github.com/mixelpixx/Konnect/releases/download/v0.13.0/konnect-v0.13.0-aarch64-apple-darwin.tar.gz"
url_api = "https://api.github.com/repos/mixelpixx/Konnect/releases/assets/604941553"

[[tools."github:vanderheijden86/b9s"]]
version = "1.3.1"
backend = "github:vanderheijden86/b9s"
specifiers = [
    "1.3.1",
    "latest",
]

[tools."github:vanderheijden86/b9s"."platforms.linux-arm64"]
checksum = "sha256:a42daf6de2a6dd03ca284abe9845c3f33a78af5cc9f83fa1d1c1ea1687d8b363"
url = "https://github.com/vanderheijden86/b9s/releases/download/v1.3.1/b9s_1.3.1_linux_arm64.tar.gz"
url_api = "https://api.github.com/repos/vanderheijden86/b9s/releases/assets/600860837"
provenance = "github-attestations"

[tools."github:vanderheijden86/b9s"."platforms.linux-x64"]
checksum = "sha256:0a055d47ea671d3a478ba9dd539b9275d8c5b97c8991e0b7e12bb812668243fa"
url = "https://github.com/vanderheijden86/b9s/releases/download/v1.3.1/b9s_1.3.1_linux_amd64.tar.gz"
url_api = "https://api.github.com/repos/vanderheijden86/b9s/releases/assets/600860836"
provenance = "github-attestations"

[tools."github:vanderheijden86/b9s"."platforms.macos-arm64"]
checksum = "sha256:f1c40c60da20da4f0ff46eb30b7467ce67f328cb369d62c4fb1273564d65689c"
url = "https://github.com/vanderheijden86/b9s/releases/download/v1.3.1/b9s_1.3.1_darwin_arm64.tar.gz"
url_api = "https://api.github.com/repos/vanderheijden86/b9s/releases/assets/600860835"
provenance = "github-attestations"

[[tools.hugo-extended]]
version = "0.166.0"
backend = "aqua:gohugoio/hugo/hugo-extended"
specifiers = ["0.166.0"]

[tools.hugo-extended."platforms.linux-arm64"]
checksum = "sha256:4b282afd8181e5ed182f50f293fc24dd6c42bfa569e555d53bfbc5ee6a1b2982"
url = "https://github.com/gohugoio/hugo/releases/download/v0.166.0/hugo_extended_0.166.0_linux-arm64.tar.gz"
url_api = "https://api.github.com/repos/gohugoio/hugo/releases/assets/552998760"

[tools.hugo-extended."platforms.linux-x64"]
checksum = "sha256:0e39b901e3f919f1daae05c8ff64f0c14c8a348ef46886d63f8e6d1bb2653885"
url = "https://github.com/gohugoio/hugo/releases/download/v0.166.0/hugo_extended_0.166.0_linux-amd64.tar.gz"
url_api = "https://api.github.com/repos/gohugoio/hugo/releases/assets/552998688"

[tools.hugo-extended."platforms.macos-arm64"]
checksum = "sha256:5ac468a54ccd99bd3bfcdacadec25f6fcd6c0606dccfa86bb761d400d3f0a680"
url = "https://github.com/gohugoio/hugo/releases/download/v0.166.0/hugo_extended_0.166.0_darwin-universal.pkg"
url_api = "https://api.github.com/repos/gohugoio/hugo/releases/assets/552998784"

[[tools."pipx:easyeda2kicad"]]
version = "1.0.1"
backend = "pipx:easyeda2kicad"
specifiers = ["1.0.1"]

[[tools.prek]]
version = "0.5.5"
backend = "aqua:j178/prek"
specifiers = ["latest"]

[tools.prek."platforms.linux-arm64"]
checksum = "sha256:420451a13aaf3de670dfe73b25e18dbca0d96bc3b153cc3924b9d01c3b7caa12"
url = "https://github.com/j178/prek/releases/download/v0.5.5/prek-aarch64-unknown-linux-gnu.tar.gz"
url_api = "https://api.github.com/repos/j178/prek/releases/assets/611684496"
provenance = "github-attestations"

[tools.prek."platforms.linux-x64"]
checksum = "sha256:5470e4aa0fc0ad9d3de7dfaf088fb746d59c2eda3b173c06418e7c8861a520eb"
url = "https://github.com/j178/prek/releases/download/v0.5.5/prek-x86_64-unknown-linux-gnu.tar.gz"
url_api = "https://api.github.com/repos/j178/prek/releases/assets/611684555"
provenance = "github-attestations"

[tools.prek."platforms.macos-arm64"]
checksum = "sha256:e4bc3132023b50020e62b073bc3147082828bf250d8b9282850c6f2bed5471b6"
url = "https://github.com/j178/prek/releases/download/v0.5.5/prek-aarch64-apple-darwin.tar.gz"
url_api = "https://api.github.com/repos/j178/prek/releases/assets/611684483"
provenance = "github-attestations"

[[tools.ripgrep]]
version = "15.2.0"
backend = "aqua:BurntSushi/ripgrep"
specifiers = ["15.2.0"]

[tools.ripgrep."platforms.linux-arm64"]
checksum = "sha256:a740b91c82eaf9914cfedd353572f2791cbe0162c84101ee0951058f4dcbc90d"
url = "https://github.com/BurntSushi/ripgrep/releases/download/15.2.0/ripgrep-15.2.0-aarch64-unknown-linux-gnu.tar.gz"
url_api = "https://api.github.com/repos/BurntSushi/ripgrep/releases/assets/478119579"

[tools.ripgrep."platforms.linux-x64"]
checksum = "sha256:33e15bcf1624b25cdd2a55813a47a2f95dbe126268203e76aa6a585d1e7b149c"
url = "https://github.com/BurntSushi/ripgrep/releases/download/15.2.0/ripgrep-15.2.0-x86_64-unknown-linux-musl.tar.gz"
url_api = "https://api.github.com/repos/BurntSushi/ripgrep/releases/assets/478120097"

[tools.ripgrep."platforms.macos-arm64"]
checksum = "sha256:3750b2e93f37e0c692657da574d7019a101c0084da05a790c83fd335bad973e4"
url = "https://github.com/BurntSushi/ripgrep/releases/download/15.2.0/ripgrep-15.2.0-aarch64-apple-darwin.tar.gz"
url_api = "https://api.github.com/repos/BurntSushi/ripgrep/releases/assets/478118851"

[[tools.rust]]
version = "1.99.0"
backend = "core:rust"
specifiers = ["1.99.0"]

[[tools.uv]]
version = "0.12.24"
backend = "aqua:astral-sh/uv"
specifiers = ["0.12.24"]

[tools.uv."platforms.linux-arm64"]
checksum = "sha256:5231be65f496304623895dacdbf1de8504fec90303684bdf05805aa34414dd21"
url = "https://github.com/astral-sh/uv/releases/download/0.12.24/uv-aarch64-unknown-linux-gnu.tar.gz"
url_api = "https://api.github.com/repos/astral-sh/uv/releases/assets/622872824"
provenance = "github-attestations"

[tools.uv."platforms.linux-x64"]
checksum = "sha256:b4dfaef47d491a7296981f8374a4595f55dbf84e8937c8ecd2983574d8bb3da6"
url = "https://github.com/astral-sh/uv/releases/download/0.12.24/uv-x86_64-unknown-linux-gnu.tar.gz"
url_api = "https://api.github.com/repos/astral-sh/uv/releases/assets/622873043"
provenance = "github-attestations"

[tools.uv."platforms.macos-arm64"]
checksum = "sha256:0c4346de7abdb49495b393b9ec809fe387aa43e586be20fecb972216c1e71732"
url = "https://github.com/astral-sh/uv/releases/download/0.12.24/uv-aarch64-apple-darwin.tar.gz"
url_api = "https://api.github.com/repos/astral-sh/uv/releases/assets/622872807"
provenance = "github-attestations"
