# @generated - this file is auto-generated by `mise lock` https://mise.jdx.dev/dev-tools/mise-lock.html

lockfile_version = 1

[[tools."github:mixelpixx/Konnect"]]
version = "0.12.1"
backend = "github:mixelpixx/Konnect"
specifiers = ["v0.12.1"]

[tools."github:mixelpixx/Konnect".options]
matching_regex = "^konnect-v"

[tools."github:mixelpixx/Konnect"."platforms.linux-x64"]
checksum = "sha256:8a546fc949d11edbb55096a9b1f2c8f9147b26a9916b47a5c4990ee9e9441fb6"
url = "https://github.com/mixelpixx/Konnect/releases/download/v0.12.1/konnect-v0.12.1-x86_64-unknown-linux-gnu.tar.gz"
url_api = "https://api.github.com/repos/mixelpixx/Konnect/releases/assets/573933841"

[tools."github:mixelpixx/Konnect"."platforms.macos-arm64"]
checksum = "sha256:758319163ca5dd81210f43a9e1fff9f200027639ac42e1d995952924f3ade8b2"
url = "https://github.com/mixelpixx/Konnect/releases/download/v0.12.1/konnect-v0.12.1-aarch64-apple-darwin.tar.gz"
url_api = "https://api.github.com/repos/mixelpixx/Konnect/releases/assets/573933843"

[[tools.hugo-extended]]
version = "0.166.0"
backend = "aqua:gohugoio/hugo/hugo-extended"
specifiers = ["0.166.0"]

[tools.hugo-extended."platforms.linux-arm64"]
checksum = "sha256:4b282afd8181e5ed182f50f293fc24dd6c42bfa569e555d53bfbc5ee6a1b2982"
url = "https://github.com/gohugoio/hugo/releases/download/v0.166.0/hugo_extended_0.166.0_linux-arm64.tar.gz"
url_api = "https://api.github.com/repos/gohugoio/hugo/releases/assets/552998760"

[tools.hugo-extended."platforms.linux-x64"]
checksum = "sha256:0e39b901e3f919f1daae05c8ff64f0c14c8a348ef46886d63f8e6d1bb2653885"
url = "https://github.com/gohugoio/hugo/releases/download/v0.166.0/hugo_extended_0.166.0_linux-amd64.tar.gz"
url_api = "https://api.github.com/repos/gohugoio/hugo/releases/assets/552998688"

[tools.hugo-extended."platforms.macos-arm64"]
checksum = "sha256:5ac468a54ccd99bd3bfcdacadec25f6fcd6c0606dccfa86bb761d400d3f0a680"
url = "https://github.com/gohugoio/hugo/releases/download/v0.166.0/hugo_extended_0.166.0_darwin-universal.pkg"
url_api = "https://api.github.com/repos/gohugoio/hugo/releases/assets/552998784"

[[tools."pipx:easyeda2kicad"]]
version = "1.0.1"
backend = "pipx:easyeda2kicad"
specifiers = ["1.0.1"]

[[tools.prek]]
version = "0.5.2"
backend = "aqua:j178/prek"
specifiers = ["latest"]

[tools.prek."platforms.linux-arm64"]
checksum = "sha256:e9fb7d5e1ecab022c897ffdaa347a96a898c932584f03c8546c9965acb9d5a33"
url = "https://github.com/j178/prek/releases/download/v0.5.2/prek-aarch64-unknown-linux-gnu.tar.gz"
url_api = "https://api.github.com/repos/j178/prek/releases/assets/541547305"
provenance = "github-attestations"

[tools.prek."platforms.linux-x64"]
checksum = "sha256:a4d51a463cb15ee2929368cc4884eec4ef33dce3ff5101b40e8ad7e1205b8f40"
url = "https://github.com/j178/prek/releases/download/v0.5.2/prek-x86_64-unknown-linux-gnu.tar.gz"
url_api = "https://api.github.com/repos/j178/prek/releases/assets/541547346"
provenance = "github-attestations"

[tools.prek."platforms.macos-arm64"]
checksum = "sha256:f3ef7692f8873c36d9437c77389833d3165fbe705ea66e53e169d83a89055f9b"
url = "https://github.com/j178/prek/releases/download/v0.5.2/prek-aarch64-apple-darwin.tar.gz"
url_api = "https://api.github.com/repos/j178/prek/releases/assets/541547294"
provenance = "github-attestations"

[[tools.ripgrep]]
version = "15.2.0"
backend = "aqua:BurntSushi/ripgrep"
specifiers = ["15.2.0"]

[tools.ripgrep."platforms.linux-arm64"]
checksum = "sha256:a740b91c82eaf9914cfedd353572f2791cbe0162c84101ee0951058f4dcbc90d"
url = "https://github.com/BurntSushi/ripgrep/releases/download/15.2.0/ripgrep-15.2.0-aarch64-unknown-linux-gnu.tar.gz"
url_api = "https://api.github.com/repos/BurntSushi/ripgrep/releases/assets/478119579"

[tools.ripgrep."platforms.linux-x64"]
checksum = "sha256:33e15bcf1624b25cdd2a55813a47a2f95dbe126268203e76aa6a585d1e7b149c"
url = "https://github.com/BurntSushi/ripgrep/releases/download/15.2.0/ripgrep-15.2.0-x86_64-unknown-linux-musl.tar.gz"
url_api = "https://api.github.com/repos/BurntSushi/ripgrep/releases/assets/478120097"

[tools.ripgrep."platforms.macos-arm64"]
checksum = "sha256:3750b2e93f37e0c692657da574d7019a101c0084da05a790c83fd335bad973e4"
url = "https://github.com/BurntSushi/ripgrep/releases/download/15.2.0/ripgrep-15.2.0-aarch64-apple-darwin.tar.gz"
url_api = "https://api.github.com/repos/BurntSushi/ripgrep/releases/assets/478118851"

[[tools.rust]]
version = "1.98.1"
backend = "core:rust"
specifiers = ["1.98.1"]

[[tools.uv]]
version = "0.12.15"
backend = "aqua:astral-sh/uv"
specifiers = ["0.12.15"]

[tools.uv."platforms.linux-arm64"]
checksum = "sha256:0e9a3499b0587d449c9ff684c0160da607826e4af1cee220bc87f378702d3e08"
url = "https://github.com/astral-sh/uv/releases/download/0.12.15/uv-aarch64-unknown-linux-gnu.tar.gz"
url_api = "https://api.github.com/repos/astral-sh/uv/releases/assets/565630758"
provenance = "github-attestations"

[tools.uv."platforms.linux-x64"]
checksum = "sha256:f97935763c04be3e692460a7aaeaaab8fc3b78fcf8b389da820b38ae7423a638"
url = "https://github.com/astral-sh/uv/releases/download/0.12.15/uv-x86_64-unknown-linux-gnu.tar.gz"
url_api = "https://api.github.com/repos/astral-sh/uv/releases/assets/565630898"
provenance = "github-attestations"

[tools.uv."platforms.macos-arm64"]
checksum = "sha256:dc304b9ed1b24174572290fba60ac3f6fe63c73a671f0439e62a91375841964d"
url = "https://github.com/astral-sh/uv/releases/download/0.12.15/uv-aarch64-apple-darwin.tar.gz"
url_api = "https://api.github.com/repos/astral-sh/uv/releases/assets/565630750"
provenance = "github-attestations"
